// !$*UTF8*$!
{
	archiveVersion = 1;
	classes = {
	};
	objectVersion = 56;
	objects = {

/* Begin PBXBuildFile section */
		343B9D9D28D3A07C00956373 /* AppDelegate.swift in Sources */ = {isa = PBXBuildFile; fileRef = 343B9D9C28D3A07C00956373 /* AppDelegate.swift */; };
		343B9D9F28D3A07C00956373 /* SceneDelegate.swift in Sources */ = {isa = PBXBuildFile; fileRef = 343B9D9E28D3A07C00956373 /* SceneDelegate.swift */; };
		343B9DA128D3A07C00956373 /* LoginVC.swift in Sources */ = {isa = PBXBuildFile; fileRef = 343B9DA028D3A07C00956373 /* LoginVC.swift */; };
		343B9DA628D3A07E00956373 /* Assets.xcassets in Resources */ = {isa = PBXBuildFile; fileRef = 343B9DA528D3A07E00956373 /* Assets.xcassets */; };
		343B9DA928D3A07E00956373 /* LaunchScreen.storyboard in Resources */ = {isa = PBXBuildFile; fileRef = 343B9DA728D3A07E00956373 /* LaunchScreen.storyboard */; };
		343B9DB128D3A48A00956373 /* LoginScreen.swift in Sources */ = {isa = PBXBuildFile; fileRef = 343B9DB028D3A48A00956373 /* LoginScreen.swift */; };
		5B0785982AD58B44001E5466 /* NftDetailScreen.swift in Sources */ = {isa = PBXBuildFile; fileRef = 5B0785972AD58B44001E5466 /* NftDetailScreen.swift */; };
		5B07859A2AD58B61001E5466 /* NftDetailVC.swift in Sources */ = {isa = PBXBuildFile; fileRef = 5B0785992AD58B61001E5466 /* NftDetailVC.swift */; };
		5B07859E2AD58C67001E5466 /* NftDetailViewModel.swift in Sources */ = {isa = PBXBuildFile; fileRef = 5B07859D2AD58C67001E5466 /* NftDetailViewModel.swift */; };
		5B0785A12AD5980B001E5466 /* NftImageTableViewCell.swift in Sources */ = {isa = PBXBuildFile; fileRef = 5B0785A02AD5980B001E5466 /* NftImageTableViewCell.swift */; };
		5B0785A42AD59853001E5466 /* NftImageTableViewCellScreen.swift in Sources */ = {isa = PBXBuildFile; fileRef = 5B0785A32AD59853001E5466 /* NftImageTableViewCellScreen.swift */; };
		5B0785A92AD5E4D6001E5466 /* NftDescriptionTableViewCell.swift in Sources */ = {isa = PBXBuildFile; fileRef = 5B0785A82AD5E4D6001E5466 /* NftDescriptionTableViewCell.swift */; };
		5B0785AB2AD5E4EE001E5466 /* NftDescriptionTableViewCellScreen.swift in Sources */ = {isa = PBXBuildFile; fileRef = 5B0785AA2AD5E4EE001E5466 /* NftDescriptionTableViewCellScreen.swift */; };
		5B37651C2AD08F3D00619C8E /* HomeViewModel.swift in Sources */ = {isa = PBXBuildFile; fileRef = 5B37651B2AD08F3D00619C8E /* HomeViewModel.swift */; };
		5B3765202AD08FD800619C8E /* HomeService.swift in Sources */ = {isa = PBXBuildFile; fileRef = 5B37651F2AD08FD800619C8E /* HomeService.swift */; };
		5B3765222AD090BA00619C8E /* GenericService.swift in Sources */ = {isa = PBXBuildFile; fileRef = 5B3765212AD090BA00619C8E /* GenericService.swift */; };
		5B3765252AD0979B00619C8E /* HomeData.json in Resources */ = {isa = PBXBuildFile; fileRef = 5B3765242AD0979B00619C8E /* HomeData.json */; };
		5B3765272AD097B300619C8E /* WalletData.json in Resources */ = {isa = PBXBuildFile; fileRef = 5B3765262AD097B300619C8E /* WalletData.json */; };
		5B37652A2AD0991A00619C8E /* NFTData.swift in Sources */ = {isa = PBXBuildFile; fileRef = 5B3765292AD0991A00619C8E /* NFTData.swift */; };
		5B37652E2AD0B14300619C8E /* NftFilterCollectionViewCell.swift in Sources */ = {isa = PBXBuildFile; fileRef = 5B37652D2AD0B14300619C8E /* NftFilterCollectionViewCell.swift */; };
		5B3765312AD0B1B800619C8E /* NftFilterCollectionViewScreen.swift in Sources */ = {isa = PBXBuildFile; fileRef = 5B3765302AD0B1B800619C8E /* NftFilterCollectionViewScreen.swift */; };
		5B50D9832ACF04D400D6BDE1 /* GoogleService-Info.plist in Resources */ = {isa = PBXBuildFile; fileRef = 5B50D9822ACF04D400D6BDE1 /* GoogleService-Info.plist */; };
		5B50D9862ACF070600D6BDE1 /* FirebaseAnalytics in Frameworks */ = {isa = PBXBuildFile; productRef = 5B50D9852ACF070600D6BDE1 /* FirebaseAnalytics */; };
		5B50D9882ACF070600D6BDE1 /* FirebaseAnalyticsOnDeviceConversion in Frameworks */ = {isa = PBXBuildFile; productRef = 5B50D9872ACF070600D6BDE1 /* FirebaseAnalyticsOnDeviceConversion */; };
		5B50D98A2ACF070600D6BDE1 /* FirebaseAnalyticsSwift in Frameworks */ = {isa = PBXBuildFile; productRef = 5B50D9892ACF070600D6BDE1 /* FirebaseAnalyticsSwift */; };
		5B50D98C2ACF070600D6BDE1 /* FirebaseAnalyticsWithoutAdIdSupport in Frameworks */ = {isa = PBXBuildFile; productRef = 5B50D98B2ACF070600D6BDE1 /* FirebaseAnalyticsWithoutAdIdSupport */; };
		5B50D98E2ACF070600D6BDE1 /* FirebaseAppCheck in Frameworks */ = {isa = PBXBuildFile; productRef = 5B50D98D2ACF070600D6BDE1 /* FirebaseAppCheck */; };
		5B50D9902ACF070600D6BDE1 /* FirebaseAppDistribution-Beta in Frameworks */ = {isa = PBXBuildFile; productRef = 5B50D98F2ACF070600D6BDE1 /* FirebaseAppDistribution-Beta */; };
		5B50D9922ACF070600D6BDE1 /* FirebaseAuth in Frameworks */ = {isa = PBXBuildFile; productRef = 5B50D9912ACF070600D6BDE1 /* FirebaseAuth */; };
		5B50D9942ACF070600D6BDE1 /* FirebaseAuthCombine-Community in Frameworks */ = {isa = PBXBuildFile; productRef = 5B50D9932ACF070600D6BDE1 /* FirebaseAuthCombine-Community */; };
		5B50D9962ACF070600D6BDE1 /* FirebaseCrashlytics in Frameworks */ = {isa = PBXBuildFile; productRef = 5B50D9952ACF070600D6BDE1 /* FirebaseCrashlytics */; };
		5B50D9982ACF070600D6BDE1 /* FirebaseDatabase in Frameworks */ = {isa = PBXBuildFile; productRef = 5B50D9972ACF070600D6BDE1 /* FirebaseDatabase */; };
		5B50D99A2ACF070600D6BDE1 /* FirebaseDatabaseSwift in Frameworks */ = {isa = PBXBuildFile; productRef = 5B50D9992ACF070600D6BDE1 /* FirebaseDatabaseSwift */; };
		5B50D99C2ACF070600D6BDE1 /* FirebaseDynamicLinks in Frameworks */ = {isa = PBXBuildFile; productRef = 5B50D99B2ACF070600D6BDE1 /* FirebaseDynamicLinks */; };
		5B50D99E2ACF070600D6BDE1 /* FirebaseFirestore in Frameworks */ = {isa = PBXBuildFile; productRef = 5B50D99D2ACF070600D6BDE1 /* FirebaseFirestore */; };
		5B50D9A02ACF070600D6BDE1 /* FirebaseFirestoreCombine-Community in Frameworks */ = {isa = PBXBuildFile; productRef = 5B50D99F2ACF070600D6BDE1 /* FirebaseFirestoreCombine-Community */; };
		5B50D9A22ACF070600D6BDE1 /* FirebaseFirestoreSwift in Frameworks */ = {isa = PBXBuildFile; productRef = 5B50D9A12ACF070600D6BDE1 /* FirebaseFirestoreSwift */; };
		5B50D9A42ACF070600D6BDE1 /* FirebaseFunctions in Frameworks */ = {isa = PBXBuildFile; productRef = 5B50D9A32ACF070600D6BDE1 /* FirebaseFunctions */; };
		5B50D9A62ACF070600D6BDE1 /* FirebaseFunctionsCombine-Community in Frameworks */ = {isa = PBXBuildFile; productRef = 5B50D9A52ACF070600D6BDE1 /* FirebaseFunctionsCombine-Community */; };
		5B50D9A82ACF070600D6BDE1 /* FirebaseInAppMessaging-Beta in Frameworks */ = {isa = PBXBuildFile; productRef = 5B50D9A72ACF070600D6BDE1 /* FirebaseInAppMessaging-Beta */; };
		5B50D9AA2ACF070600D6BDE1 /* FirebaseInAppMessagingSwift-Beta in Frameworks */ = {isa = PBXBuildFile; productRef = 5B50D9A92ACF070600D6BDE1 /* FirebaseInAppMessagingSwift-Beta */; };
		5B50D9AC2ACF070600D6BDE1 /* FirebaseInstallations in Frameworks */ = {isa = PBXBuildFile; productRef = 5B50D9AB2ACF070600D6BDE1 /* FirebaseInstallations */; };
		5B50D9AE2ACF070600D6BDE1 /* FirebaseMLModelDownloader in Frameworks */ = {isa = PBXBuildFile; productRef = 5B50D9AD2ACF070600D6BDE1 /* FirebaseMLModelDownloader */; };
		5B50D9B02ACF070600D6BDE1 /* FirebaseMessaging in Frameworks */ = {isa = PBXBuildFile; productRef = 5B50D9AF2ACF070600D6BDE1 /* FirebaseMessaging */; };
		5B50D9B22ACF070600D6BDE1 /* FirebasePerformance in Frameworks */ = {isa = PBXBuildFile; productRef = 5B50D9B12ACF070600D6BDE1 /* FirebasePerformance */; };
		5B50D9B42ACF070600D6BDE1 /* FirebaseRemoteConfig in Frameworks */ = {isa = PBXBuildFile; productRef = 5B50D9B32ACF070600D6BDE1 /* FirebaseRemoteConfig */; };
		5B50D9B62ACF070600D6BDE1 /* FirebaseRemoteConfigSwift in Frameworks */ = {isa = PBXBuildFile; productRef = 5B50D9B52ACF070600D6BDE1 /* FirebaseRemoteConfigSwift */; };
		5B50D9B82ACF070600D6BDE1 /* FirebaseStorage in Frameworks */ = {isa = PBXBuildFile; productRef = 5B50D9B72ACF070600D6BDE1 /* FirebaseStorage */; };
		5B50D9BA2ACF070600D6BDE1 /* FirebaseStorageCombine-Community in Frameworks */ = {isa = PBXBuildFile; productRef = 5B50D9B92ACF070600D6BDE1 /* FirebaseStorageCombine-Community */; };
		5B50D9BE2ACF087300D6BDE1 /* UIViewController+Extension.swift in Sources */ = {isa = PBXBuildFile; fileRef = 5B50D9BD2ACF087300D6BDE1 /* UIViewController+Extension.swift */; };
		5B50D9C02ACF0EB200D6BDE1 /* String+Extension.swift in Sources */ = {isa = PBXBuildFile; fileRef = 5B50D9BF2ACF0EB200D6BDE1 /* String+Extension.swift */; };
		5B50D9C32ACF3F0900D6BDE1 /* AlertController.swift in Sources */ = {isa = PBXBuildFile; fileRef = 5B50D9C22ACF3F0900D6BDE1 /* AlertController.swift */; };
		5B50D9C62ACF44F000D6BDE1 /* TabBarVC.swift in Sources */ = {isa = PBXBuildFile; fileRef = 5B50D9C52ACF44F000D6BDE1 /* TabBarVC.swift */; };
		5B50D9CA2ACF45F000D6BDE1 /* HomeVC.swift in Sources */ = {isa = PBXBuildFile; fileRef = 5B50D9C92ACF45F000D6BDE1 /* HomeVC.swift */; };
		5B50D9CD2ACF461400D6BDE1 /* HomeScreen.swift in Sources */ = {isa = PBXBuildFile; fileRef = 5B50D9CC2ACF461400D6BDE1 /* HomeScreen.swift */; };
		5BA5CC732AD6EB0D00978114 /* LastestDealTableViewCell.swift in Sources */ = {isa = PBXBuildFile; fileRef = 5BA5CC722AD6EB0D00978114 /* LastestDealTableViewCell.swift */; };
		5BA5CC762AD6EB5900978114 /* LastestDealTableViewCellScreen.swift in Sources */ = {isa = PBXBuildFile; fileRef = 5BA5CC752AD6EB5900978114 /* LastestDealTableViewCellScreen.swift */; };
		5BA5CC792AD6F52C00978114 /* LastestDealTableViewCellViewModel.swift in Sources */ = {isa = PBXBuildFile; fileRef = 5BA5CC782AD6F52C00978114 /* LastestDealTableViewCellViewModel.swift */; };
		5BA917D72AD71B99005CC413 /* ListOffersTableViewCellScreen.swift in Sources */ = {isa = PBXBuildFile; fileRef = 5BA917D62AD71B99005CC413 /* ListOffersTableViewCellScreen.swift */; };
		5BA917D92AD71BB8005CC413 /* ListOffersTableViewCell.swift in Sources */ = {isa = PBXBuildFile; fileRef = 5BA917D82AD71BB8005CC413 /* ListOffersTableViewCell.swift */; };
		5BA917DB2AD73354005CC413 /* UIView + Extension.swift in Sources */ = {isa = PBXBuildFile; fileRef = 5BA917DA2AD73354005CC413 /* UIView + Extension.swift */; };
		5BA917DF2AD7422F005CC413 /* MagnifyingGlassVC.swift in Sources */ = {isa = PBXBuildFile; fileRef = 5BA917DE2AD7422F005CC413 /* MagnifyingGlassVC.swift */; };
		5BA917E12AD74255005CC413 /* MagnifyingGlassScreen.swift in Sources */ = {isa = PBXBuildFile; fileRef = 5BA917E02AD74255005CC413 /* MagnifyingGlassScreen.swift */; };
		5BABFCD82AD98F42002718C0 /* WalletVC.swift in Sources */ = {isa = PBXBuildFile; fileRef = 5BABFCD72AD98F42002718C0 /* WalletVC.swift */; };
		5BABFCDB2AD98F6B002718C0 /* WalletScreen.swift in Sources */ = {isa = PBXBuildFile; fileRef = 5BABFCDA2AD98F6B002718C0 /* WalletScreen.swift */; };
		5BABFCDE2AD99271002718C0 /* WalletViewModel.swift in Sources */ = {isa = PBXBuildFile; fileRef = 5BABFCDD2AD99270002718C0 /* WalletViewModel.swift */; };
		5BABFCE12AD992B5002718C0 /* WalletServive.swift in Sources */ = {isa = PBXBuildFile; fileRef = 5BABFCE02AD992B5002718C0 /* WalletServive.swift */; };
		5BABFCE32AD99A54002718C0 /* WalletData.swift in Sources */ = {isa = PBXBuildFile; fileRef = 5BABFCE22AD99A54002718C0 /* WalletData.swift */; };
		5BABFCE72AD9A64C002718C0 /* QuotationEthTableViewCellScreen.swift in Sources */ = {isa = PBXBuildFile; fileRef = 5BABFCE62AD9A64C002718C0 /* QuotationEthTableViewCellScreen.swift */; };
		5BABFCE92AD9A660002718C0 /* QuotationEthTableViewCell.swift in Sources */ = {isa = PBXBuildFile; fileRef = 5BABFCE82AD9A660002718C0 /* QuotationEthTableViewCell.swift */; };
		5BD63B792AD1B7D8009D9B75 /* NftTableViewCell.swift in Sources */ = {isa = PBXBuildFile; fileRef = 5BD63B782AD1B7D8009D9B75 /* NftTableViewCell.swift */; };
		5BD63B7B2AD1B808009D9B75 /* NftTableViewCellScreen.swift in Sources */ = {isa = PBXBuildFile; fileRef = 5BD63B7A2AD1B808009D9B75 /* NftTableViewCellScreen.swift */; };
		D5BBE618F89850A59E8B8CD8 /* Pods_AppBackFront.framework in Frameworks */ = {isa = PBXBuildFile; fileRef = D103809B2D85120B50DDC566 /* Pods_AppBackFront.framework */; };
/* End PBXBuildFile section */

/* Begin PBXFileReference section */
		18898C45860F2EE69277E743 /* Pods-AppBackFront.debug.xcconfig */ = {isa = PBXFileReference; includeInIndex = 1; lastKnownFileType = text.xcconfig; name = "Pods-AppBackFront.debug.xcconfig"; path = "Target Support Files/Pods-AppBackFront/Pods-AppBackFront.debug.xcconfig"; sourceTree = "<group>"; };
		30AF267A3F1CA728E92BC1DD /* Pods-AppBackFront.release.xcconfig */ = {isa = PBXFileReference; includeInIndex = 1; lastKnownFileType = text.xcconfig; name = "Pods-AppBackFront.release.xcconfig"; path = "Target Support Files/Pods-AppBackFront/Pods-AppBackFront.release.xcconfig"; sourceTree = "<group>"; };
		343B9D9928D3A07C00956373 /* AppBackFront.app */ = {isa = PBXFileReference; explicitFileType = wrapper.application; includeInIndex = 0; path = AppBackFront.app; sourceTree = BUILT_PRODUCTS_DIR; };
		343B9D9C28D3A07C00956373 /* AppDelegate.swift */ = {isa = PBXFileReference; lastKnownFileType = sourcecode.swift; path = AppDelegate.swift; sourceTree = "<group>"; };
		343B9D9E28D3A07C00956373 /* SceneDelegate.swift */ = {isa = PBXFileReference; lastKnownFileType = sourcecode.swift; path = SceneDelegate.swift; sourceTree = "<group>"; };
		343B9DA028D3A07C00956373 /* LoginVC.swift */ = {isa = PBXFileReference; lastKnownFileType = sourcecode.swift; path = LoginVC.swift; sourceTree = "<group>"; };
		343B9DA528D3A07E00956373 /* Assets.xcassets */ = {isa = PBXFileReference; lastKnownFileType = folder.assetcatalog; path = Assets.xcassets; sourceTree = "<group>"; };
		343B9DA828D3A07E00956373 /* Base */ = {isa = PBXFileReference; lastKnownFileType = file.storyboard; name = Base; path = Base.lproj/LaunchScreen.storyboard; sourceTree = "<group>"; };
		343B9DAA28D3A07E00956373 /* Info.plist */ = {isa = PBXFileReference; lastKnownFileType = text.plist.xml; path = Info.plist; sourceTree = "<group>"; };
		343B9DB028D3A48A00956373 /* LoginScreen.swift */ = {isa = PBXFileReference; lastKnownFileType = sourcecode.swift; path = LoginScreen.swift; sourceTree = "<group>"; };
		5B0785972AD58B44001E5466 /* NftDetailScreen.swift */ = {isa = PBXFileReference; lastKnownFileType = sourcecode.swift; path = NftDetailScreen.swift; sourceTree = "<group>"; };
		5B0785992AD58B61001E5466 /* NftDetailVC.swift */ = {isa = PBXFileReference; lastKnownFileType = sourcecode.swift; path = NftDetailVC.swift; sourceTree = "<group>"; };
		5B07859D2AD58C67001E5466 /* NftDetailViewModel.swift */ = {isa = PBXFileReference; lastKnownFileType = sourcecode.swift; path = NftDetailViewModel.swift; sourceTree = "<group>"; };
		5B0785A02AD5980B001E5466 /* NftImageTableViewCell.swift */ = {isa = PBXFileReference; lastKnownFileType = sourcecode.swift; path = NftImageTableViewCell.swift; sourceTree = "<group>"; };
		5B0785A32AD59853001E5466 /* NftImageTableViewCellScreen.swift */ = {isa = PBXFileReference; lastKnownFileType = sourcecode.swift; path = NftImageTableViewCellScreen.swift; sourceTree = "<group>"; };
		5B0785A82AD5E4D6001E5466 /* NftDescriptionTableViewCell.swift */ = {isa = PBXFileReference; lastKnownFileType = sourcecode.swift; path = NftDescriptionTableViewCell.swift; sourceTree = "<group>"; };
		5B0785AA2AD5E4EE001E5466 /* NftDescriptionTableViewCellScreen.swift */ = {isa = PBXFileReference; lastKnownFileType = sourcecode.swift; path = NftDescriptionTableViewCellScreen.swift; sourceTree = "<group>"; };
		5B37651B2AD08F3D00619C8E /* HomeViewModel.swift */ = {isa = PBXFileReference; lastKnownFileType = sourcecode.swift; path = HomeViewModel.swift; sourceTree = "<group>"; };
		5B37651F2AD08FD800619C8E /* HomeService.swift */ = {isa = PBXFileReference; lastKnownFileType = sourcecode.swift; path = HomeService.swift; sourceTree = "<group>"; };
		5B3765212AD090BA00619C8E /* GenericService.swift */ = {isa = PBXFileReference; lastKnownFileType = sourcecode.swift; path = GenericService.swift; sourceTree = "<group>"; };
		5B3765242AD0979B00619C8E /* HomeData.json */ = {isa = PBXFileReference; fileEncoding = 4; lastKnownFileType = text.json; path = HomeData.json; sourceTree = "<group>"; };
		5B3765262AD097B300619C8E /* WalletData.json */ = {isa = PBXFileReference; fileEncoding = 4; lastKnownFileType = text.json; path = WalletData.json; sourceTree = "<group>"; };
		5B3765292AD0991A00619C8E /* NFTData.swift */ = {isa = PBXFileReference; lastKnownFileType = sourcecode.swift; path = NFTData.swift; sourceTree = "<group>"; };
		5B37652D2AD0B14300619C8E /* NftFilterCollectionViewCell.swift */ = {isa = PBXFileReference; lastKnownFileType = sourcecode.swift; path = NftFilterCollectionViewCell.swift; sourceTree = "<group>"; };
		5B3765302AD0B1B800619C8E /* NftFilterCollectionViewScreen.swift */ = {isa = PBXFileReference; lastKnownFileType = sourcecode.swift; path = NftFilterCollectionViewScreen.swift; sourceTree = "<group>"; };
		5B50D9822ACF04D400D6BDE1 /* GoogleService-Info.plist */ = {isa = PBXFileReference; fileEncoding = 4; lastKnownFileType = text.plist.xml; path = "GoogleService-Info.plist"; sourceTree = "<group>"; };
		5B50D9BD2ACF087300D6BDE1 /* UIViewController+Extension.swift */ = {isa = PBXFileReference; lastKnownFileType = sourcecode.swift; path = "UIViewController+Extension.swift"; sourceTree = "<group>"; };
		5B50D9BF2ACF0EB200D6BDE1 /* String+Extension.swift */ = {isa = PBXFileReference; lastKnownFileType = sourcecode.swift; path = "String+Extension.swift"; sourceTree = "<group>"; };
		5B50D9C22ACF3F0900D6BDE1 /* AlertController.swift */ = {isa = PBXFileReference; lastKnownFileType = sourcecode.swift; path = AlertController.swift; sourceTree = "<group>"; };
		5B50D9C52ACF44F000D6BDE1 /* TabBarVC.swift */ = {isa = PBXFileReference; lastKnownFileType = sourcecode.swift; path = TabBarVC.swift; sourceTree = "<group>"; };
		5B50D9C92ACF45F000D6BDE1 /* HomeVC.swift */ = {isa = PBXFileReference; lastKnownFileType = sourcecode.swift; path = HomeVC.swift; sourceTree = "<group>"; };
		5B50D9CC2ACF461400D6BDE1 /* HomeScreen.swift */ = {isa = PBXFileReference; lastKnownFileType = sourcecode.swift; path = HomeScreen.swift; sourceTree = "<group>"; };
		5BA5CC722AD6EB0D00978114 /* LastestDealTableViewCell.swift */ = {isa = PBXFileReference; lastKnownFileType = sourcecode.swift; path = LastestDealTableViewCell.swift; sourceTree = "<group>"; };
		5BA5CC752AD6EB5900978114 /* LastestDealTableViewCellScreen.swift */ = {isa = PBXFileReference; lastKnownFileType = sourcecode.swift; path = LastestDealTableViewCellScreen.swift; sourceTree = "<group>"; };
		5BA5CC782AD6F52C00978114 /* LastestDealTableViewCellViewModel.swift */ = {isa = PBXFileReference; lastKnownFileType = sourcecode.swift; path = LastestDealTableViewCellViewModel.swift; sourceTree = "<group>"; };
		5BA917D62AD71B99005CC413 /* ListOffersTableViewCellScreen.swift */ = {isa = PBXFileReference; lastKnownFileType = sourcecode.swift; path = ListOffersTableViewCellScreen.swift; sourceTree = "<group>"; };
		5BA917D82AD71BB8005CC413 /* ListOffersTableViewCell.swift */ = {isa = PBXFileReference; lastKnownFileType = sourcecode.swift; path = ListOffersTableViewCell.swift; sourceTree = "<group>"; };
		5BA917DA2AD73354005CC413 /* UIView + Extension.swift */ = {isa = PBXFileReference; lastKnownFileType = sourcecode.swift; path = "UIView + Extension.swift"; sourceTree = "<group>"; };
		5BA917DE2AD7422F005CC413 /* MagnifyingGlassVC.swift */ = {isa = PBXFileReference; lastKnownFileType = sourcecode.swift; path = MagnifyingGlassVC.swift; sourceTree = "<group>"; };
		5BA917E02AD74255005CC413 /* MagnifyingGlassScreen.swift */ = {isa = PBXFileReference; lastKnownFileType = sourcecode.swift; path = MagnifyingGlassScreen.swift; sourceTree = "<group>"; };
		5BABFCD72AD98F42002718C0 /* WalletVC.swift */ = {isa = PBXFileReference; lastKnownFileType = sourcecode.swift; path = WalletVC.swift; sourceTree = "<group>"; };
		5BABFCDA2AD98F6B002718C0 /* WalletScreen.swift */ = {isa = PBXFileReference; lastKnownFileType = sourcecode.swift; path = WalletScreen.swift; sourceTree = "<group>"; };
		5BABFCDD2AD99270002718C0 /* WalletViewModel.swift */ = {isa = PBXFileReference; lastKnownFileType = sourcecode.swift; path = WalletViewModel.swift; sourceTree = "<group>"; };
		5BABFCE02AD992B5002718C0 /* WalletServive.swift */ = {isa = PBXFileReference; lastKnownFileType = sourcecode.swift; path = WalletServive.swift; sourceTree = "<group>"; };
		5BABFCE22AD99A54002718C0 /* WalletData.swift */ = {isa = PBXFileReference; lastKnownFileType = sourcecode.swift; path = WalletData.swift; sourceTree = "<group>"; };
		5BABFCE62AD9A64C002718C0 /* QuotationEthTableViewCellScreen.swift */ = {isa = PBXFileReference; lastKnownFileType = sourcecode.swift; path = QuotationEthTableViewCellScreen.swift; sourceTree = "<group>"; };
		5BABFCE82AD9A660002718C0 /* QuotationEthTableViewCell.swift */ = {isa = PBXFileReference; lastKnownFileType = sourcecode.swift; path = QuotationEthTableViewCell.swift; sourceTree = "<group>"; };
		5BD63B782AD1B7D8009D9B75 /* NftTableViewCell.swift */ = {isa = PBXFileReference; lastKnownFileType = sourcecode.swift; path = NftTableViewCell.swift; sourceTree = "<group>"; };
		5BD63B7A2AD1B808009D9B75 /* NftTableViewCellScreen.swift */ = {isa = PBXFileReference; lastKnownFileType = sourcecode.swift; path = NftTableViewCellScreen.swift; sourceTree = "<group>"; };
		D103809B2D85120B50DDC566 /* Pods_AppBackFront.framework */ = {isa = PBXFileReference; explicitFileType = wrapper.framework; includeInIndex = 0; path = Pods_AppBackFront.framework; sourceTree = BUILT_PRODUCTS_DIR; };
/* End PBXFileReference section */

/* Begin PBXFrameworksBuildPhase section */
		343B9D9628D3A07C00956373 /* Frameworks */ = {
			isa = PBXFrameworksBuildPhase;
			buildActionMask = 2147483647;
			files = (
				5B50D9982ACF070600D6BDE1 /* FirebaseDatabase in Frameworks */,
				5B50D9A62ACF070600D6BDE1 /* FirebaseFunctionsCombine-Community in Frameworks */,
				5B50D99E2ACF070600D6BDE1 /* FirebaseFirestore in Frameworks */,
				5B50D98A2ACF070600D6BDE1 /* FirebaseAnalyticsSwift in Frameworks */,
				5B50D9862ACF070600D6BDE1 /* FirebaseAnalytics in Frameworks */,
				5B50D9882ACF070600D6BDE1 /* FirebaseAnalyticsOnDeviceConversion in Frameworks */,
				5B50D9AE2ACF070600D6BDE1 /* FirebaseMLModelDownloader in Frameworks */,
				5B50D9A22ACF070600D6BDE1 /* FirebaseFirestoreSwift in Frameworks */,
				5B50D98E2ACF070600D6BDE1 /* FirebaseAppCheck in Frameworks */,
				5B50D98C2ACF070600D6BDE1 /* FirebaseAnalyticsWithoutAdIdSupport in Frameworks */,
				5B50D9922ACF070600D6BDE1 /* FirebaseAuth in Frameworks */,
				5B50D9962ACF070600D6BDE1 /* FirebaseCrashlytics in Frameworks */,
				5B50D9B62ACF070600D6BDE1 /* FirebaseRemoteConfigSwift in Frameworks */,
				5B50D9A82ACF070600D6BDE1 /* FirebaseInAppMessaging-Beta in Frameworks */,
				5B50D99A2ACF070600D6BDE1 /* FirebaseDatabaseSwift in Frameworks */,
				5B50D9A42ACF070600D6BDE1 /* FirebaseFunctions in Frameworks */,
				5B50D9BA2ACF070600D6BDE1 /* FirebaseStorageCombine-Community in Frameworks */,
				5B50D9B42ACF070600D6BDE1 /* FirebaseRemoteConfig in Frameworks */,
				5B50D9902ACF070600D6BDE1 /* FirebaseAppDistribution-Beta in Frameworks */,
				5B50D9942ACF070600D6BDE1 /* FirebaseAuthCombine-Community in Frameworks */,
				5B50D9B22ACF070600D6BDE1 /* FirebasePerformance in Frameworks */,
				5B50D9AA2ACF070600D6BDE1 /* FirebaseInAppMessagingSwift-Beta in Frameworks */,
				5B50D9B82ACF070600D6BDE1 /* FirebaseStorage in Frameworks */,
				5B50D99C2ACF070600D6BDE1 /* FirebaseDynamicLinks in Frameworks */,
				5B50D9A02ACF070600D6BDE1 /* FirebaseFirestoreCombine-Community in Frameworks */,
				5B50D9B02ACF070600D6BDE1 /* FirebaseMessaging in Frameworks */,
				5B50D9AC2ACF070600D6BDE1 /* FirebaseInstallations in Frameworks */,
				D5BBE618F89850A59E8B8CD8 /* Pods_AppBackFront.framework in Frameworks */,
			);
			runOnlyForDeploymentPostprocessing = 0;
		};
/* End PBXFrameworksBuildPhase section */

/* Begin PBXGroup section */
		343B9D9028D3A07C00956373 = {
			isa = PBXGroup;
			children = (
				343B9D9B28D3A07C00956373 /* AppBackFront */,
				343B9D9A28D3A07C00956373 /* Products */,
				3498E865401E80544F675CC3 /* Pods */,
				C2E1DAB722C3EF6D79EFAEDB /* Frameworks */,
			);
			sourceTree = "<group>";
		};
		343B9D9A28D3A07C00956373 /* Products */ = {
			isa = PBXGroup;
			children = (
				343B9D9928D3A07C00956373 /* AppBackFront.app */,
			);
			name = Products;
			sourceTree = "<group>";
		};
		343B9D9B28D3A07C00956373 /* AppBackFront */ = {
			isa = PBXGroup;
			children = (
				5B3765282AD0990D00619C8E /* Model */,
				5B3765232AD0971200619C8E /* Json */,
				5B37651D2AD08F9100619C8E /* Service */,
				5B50D9C72ACF458600D6BDE1 /* Feature */,
				5B50D9C42ACF44C100D6BDE1 /* TabBarController */,
				5B50D9C12ACF3EE600D6BDE1 /* Alert */,
				5B50D9BB2ACF083F00D6BDE1 /* Utils */,
				343B9D9C28D3A07C00956373 /* AppDelegate.swift */,
				343B9D9E28D3A07C00956373 /* SceneDelegate.swift */,
				343B9DA528D3A07E00956373 /* Assets.xcassets */,
				343B9DA728D3A07E00956373 /* LaunchScreen.storyboard */,
				343B9DAA28D3A07E00956373 /* Info.plist */,
				5B50D9822ACF04D400D6BDE1 /* GoogleService-Info.plist */,
			);
			path = AppBackFront;
			sourceTree = "<group>";
		};
		3498E865401E80544F675CC3 /* Pods */ = {
			isa = PBXGroup;
			children = (
				18898C45860F2EE69277E743 /* Pods-AppBackFront.debug.xcconfig */,
				30AF267A3F1CA728E92BC1DD /* Pods-AppBackFront.release.xcconfig */,
			);
			path = Pods;
			sourceTree = "<group>";
		};
		5B0785962AD58B16001E5466 /* NftDetail */ = {
			isa = PBXGroup;
			children = (
				5B07859C2AD58C3D001E5466 /* ViewModel */,
				5B07859B2AD58B75001E5466 /* Screen */,
				5B0785992AD58B61001E5466 /* NftDetailVC.swift */,
			);
			path = NftDetail;
			sourceTree = "<group>";
		};
		5B07859B2AD58B75001E5466 /* Screen */ = {
			isa = PBXGroup;
			children = (
				5B0785972AD58B44001E5466 /* NftDetailScreen.swift */,
			);
			path = Screen;
			sourceTree = "<group>";
		};
		5B07859C2AD58C3D001E5466 /* ViewModel */ = {
			isa = PBXGroup;
			children = (
				5B07859D2AD58C67001E5466 /* NftDetailViewModel.swift */,
			);
			path = ViewModel;
			sourceTree = "<group>";
		};
		5B07859F2AD597BC001E5466 /* NftImageTableViewCell */ = {
			isa = PBXGroup;
			children = (
				5B0785A22AD5982B001E5466 /* Screen */,
				5B0785A02AD5980B001E5466 /* NftImageTableViewCell.swift */,
			);
			path = NftImageTableViewCell;
			sourceTree = "<group>";
		};
		5B0785A22AD5982B001E5466 /* Screen */ = {
			isa = PBXGroup;
			children = (
				5B0785A32AD59853001E5466 /* NftImageTableViewCellScreen.swift */,
			);
			path = Screen;
			sourceTree = "<group>";
		};
		5B0785A52AD5E461001E5466 /* NftDescriptionTableViewCell */ = {
			isa = PBXGroup;
			children = (
				5B0785A72AD5E48D001E5466 /* Screen */,
				5B0785A82AD5E4D6001E5466 /* NftDescriptionTableViewCell.swift */,
			);
			path = NftDescriptionTableViewCell;
			sourceTree = "<group>";
		};
		5B0785A72AD5E48D001E5466 /* Screen */ = {
			isa = PBXGroup;
			children = (
				5B0785AA2AD5E4EE001E5466 /* NftDescriptionTableViewCellScreen.swift */,
			);
			path = Screen;
			sourceTree = "<group>";
		};
		5B37651A2AD08F0500619C8E /* ViewModel */ = {
			isa = PBXGroup;
			children = (
				5B37651B2AD08F3D00619C8E /* HomeViewModel.swift */,
			);
			path = ViewModel;
			sourceTree = "<group>";
		};
		5B37651D2AD08F9100619C8E /* Service */ = {
			isa = PBXGroup;
			children = (
				5BABFCDF2AD992A3002718C0 /* WalletServive */,
				5B37651E2AD08FA800619C8E /* HomeService */,
				5B3765212AD090BA00619C8E /* GenericService.swift */,
			);
			path = Service;
			sourceTree = "<group>";
		};
		5B37651E2AD08FA800619C8E /* HomeService */ = {
			isa = PBXGroup;
			children = (
				5B37651F2AD08FD800619C8E /* HomeService.swift */,
			);
			path = HomeService;
			sourceTree = "<group>";
		};
		5B3765232AD0971200619C8E /* Json */ = {
			isa = PBXGroup;
			children = (
				5B3765242AD0979B00619C8E /* HomeData.json */,
				5B3765262AD097B300619C8E /* WalletData.json */,
			);
			path = Json;
			sourceTree = "<group>";
		};
		5B3765282AD0990D00619C8E /* Model */ = {
			isa = PBXGroup;
			children = (
				5B3765292AD0991A00619C8E /* NFTData.swift */,
				5BABFCE22AD99A54002718C0 /* WalletData.swift */,
			);
			path = Model;
			sourceTree = "<group>";
		};
		5B37652B2AD0B0FD00619C8E /* Cells */ = {
			isa = PBXGroup;
			children = (
				5BABFCE42AD9A5DE002718C0 /* QuotationEthTableViewCell */,
				5BA917D42AD71B59005CC413 /* ListOffersTableViewCell */,
				5BA5CC712AD6EAB900978114 /* LastestDealTableViewCell */,
				5B0785A52AD5E461001E5466 /* NftDescriptionTableViewCell */,
				5B07859F2AD597BC001E5466 /* NftImageTableViewCell */,
				5BD63B762AD1B760009D9B75 /* NftTableViewCell */,
				5B37652C2AD0B10C00619C8E /* NftFilterCollectionViewCell */,
			);
			path = Cells;
			sourceTree = "<group>";
		};
		5B37652C2AD0B10C00619C8E /* NftFilterCollectionViewCell */ = {
			isa = PBXGroup;
			children = (
				5B37652F2AD0B18500619C8E /* Screen */,
				5B37652D2AD0B14300619C8E /* NftFilterCollectionViewCell.swift */,
			);
			path = NftFilterCollectionViewCell;
			sourceTree = "<group>";
		};
		5B37652F2AD0B18500619C8E /* Screen */ = {
			isa = PBXGroup;
			children = (
				5B3765302AD0B1B800619C8E /* NftFilterCollectionViewScreen.swift */,
			);
			path = Screen;
			sourceTree = "<group>";
		};
		5B50D9802ACEFFA900D6BDE1 /* Login */ = {
			isa = PBXGroup;
			children = (
				5B50D9812ACEFFB100D6BDE1 /* Screen */,
				343B9DA028D3A07C00956373 /* LoginVC.swift */,
			);
			path = Login;
			sourceTree = "<group>";
		};
		5B50D9812ACEFFB100D6BDE1 /* Screen */ = {
			isa = PBXGroup;
			children = (
				343B9DB028D3A48A00956373 /* LoginScreen.swift */,
			);
			path = Screen;
			sourceTree = "<group>";
		};
		5B50D9BB2ACF083F00D6BDE1 /* Utils */ = {
			isa = PBXGroup;
			children = (
				5B50D9BC2ACF084800D6BDE1 /* Extension */,
			);
			path = Utils;
			sourceTree = "<group>";
		};
		5B50D9BC2ACF084800D6BDE1 /* Extension */ = {
			isa = PBXGroup;
			children = (
				5B50D9BD2ACF087300D6BDE1 /* UIViewController+Extension.swift */,
				5B50D9BF2ACF0EB200D6BDE1 /* String+Extension.swift */,
				5BA917DA2AD73354005CC413 /* UIView + Extension.swift */,
			);
			path = Extension;
			sourceTree = "<group>";
		};
		5B50D9C12ACF3EE600D6BDE1 /* Alert */ = {
			isa = PBXGroup;
			children = (
				5B50D9C22ACF3F0900D6BDE1 /* AlertController.swift */,
			);
			path = Alert;
			sourceTree = "<group>";
		};
		5B50D9C42ACF44C100D6BDE1 /* TabBarController */ = {
			isa = PBXGroup;
			children = (
				5B50D9C52ACF44F000D6BDE1 /* TabBarVC.swift */,
			);
			path = TabBarController;
			sourceTree = "<group>";
		};
		5B50D9C72ACF458600D6BDE1 /* Feature */ = {
			isa = PBXGroup;
			children = (
				5BABFCD62AD98F2B002718C0 /* Wallet */,
				5BA917DC2AD741E8005CC413 /* MagnifyingGlass */,
				5B0785962AD58B16001E5466 /* NftDetail */,
				5B37652B2AD0B0FD00619C8E /* Cells */,
				5B50D9C82ACF459A00D6BDE1 /* Home */,
				5B50D9802ACEFFA900D6BDE1 /* Login */,
			);
			path = Feature;
			sourceTree = "<group>";
		};
		5B50D9C82ACF459A00D6BDE1 /* Home */ = {
			isa = PBXGroup;
			children = (
				5B37651A2AD08F0500619C8E /* ViewModel */,
				5B50D9CB2ACF45F600D6BDE1 /* Screen */,
				5B50D9C92ACF45F000D6BDE1 /* HomeVC.swift */,
			);
			path = Home;
			sourceTree = "<group>";
		};
		5B50D9CB2ACF45F600D6BDE1 /* Screen */ = {
			isa = PBXGroup;
			children = (
				5B50D9CC2ACF461400D6BDE1 /* HomeScreen.swift */,
			);
			path = Screen;
			sourceTree = "<group>";
		};
		5BA5CC712AD6EAB900978114 /* LastestDealTableViewCell */ = {
			isa = PBXGroup;
			children = (
				5BA5CC772AD6F4F300978114 /* LastestDealTableViewCellViewModel */,
				5BA5CC742AD6EB4000978114 /* Screen */,
				5BA5CC722AD6EB0D00978114 /* LastestDealTableViewCell.swift */,
			);
			path = LastestDealTableViewCell;
			sourceTree = "<group>";
		};
		5BA5CC742AD6EB4000978114 /* Screen */ = {
			isa = PBXGroup;
			children = (
				5BA5CC752AD6EB5900978114 /* LastestDealTableViewCellScreen.swift */,
			);
			path = Screen;
			sourceTree = "<group>";
		};
		5BA5CC772AD6F4F300978114 /* LastestDealTableViewCellViewModel */ = {
			isa = PBXGroup;
			children = (
				5BA5CC782AD6F52C00978114 /* LastestDealTableViewCellViewModel.swift */,
			);
			path = LastestDealTableViewCellViewModel;
			sourceTree = "<group>";
		};
		5BA917D42AD71B59005CC413 /* ListOffersTableViewCell */ = {
			isa = PBXGroup;
			children = (
				5BA917D52AD71B85005CC413 /* Screen */,
				5BA917D82AD71BB8005CC413 /* ListOffersTableViewCell.swift */,
			);
			path = ListOffersTableViewCell;
			sourceTree = "<group>";
		};
		5BA917D52AD71B85005CC413 /* Screen */ = {
			isa = PBXGroup;
			children = (
				5BA917D62AD71B99005CC413 /* ListOffersTableViewCellScreen.swift */,
			);
			path = Screen;
			sourceTree = "<group>";
		};
		5BA917DC2AD741E8005CC413 /* MagnifyingGlass */ = {
			isa = PBXGroup;
			children = (
				5BA917DD2AD74204005CC413 /* screen */,
				5BA917DE2AD7422F005CC413 /* MagnifyingGlassVC.swift */,
			);
			path = MagnifyingGlass;
			sourceTree = "<group>";
		};
		5BA917DD2AD74204005CC413 /* screen */ = {
			isa = PBXGroup;
			children = (
				5BA917E02AD74255005CC413 /* MagnifyingGlassScreen.swift */,
			);
			path = screen;
			sourceTree = "<group>";
		};
		5BABFCD62AD98F2B002718C0 /* Wallet */ = {
			isa = PBXGroup;
			children = (
				5BABFCDC2AD9924D002718C0 /* ViewModel */,
				5BABFCD92AD98F46002718C0 /* Screen */,
				5BABFCD72AD98F42002718C0 /* WalletVC.swift */,
			);
			path = Wallet;
			sourceTree = "<group>";
		};
		5BABFCD92AD98F46002718C0 /* Screen */ = {
			isa = PBXGroup;
			children = (
				5BABFCDA2AD98F6B002718C0 /* WalletScreen.swift */,
			);
			name = Screen;
			sourceTree = "<group>";
		};
		5BABFCDC2AD9924D002718C0 /* ViewModel */ = {
			isa = PBXGroup;
			children = (
				5BABFCDD2AD99270002718C0 /* WalletViewModel.swift */,
			);
			name = ViewModel;
			sourceTree = "<group>";
		};
		5BABFCDF2AD992A3002718C0 /* WalletServive */ = {
			isa = PBXGroup;
			children = (
				5BABFCE02AD992B5002718C0 /* WalletServive.swift */,
			);
			path = WalletServive;
			sourceTree = "<group>";
		};
		5BABFCE42AD9A5DE002718C0 /* QuotationEthTableViewCell */ = {
			isa = PBXGroup;
			children = (
				5BABFCE52AD9A613002718C0 /* Screen */,
				5BABFCE82AD9A660002718C0 /* QuotationEthTableViewCell.swift */,
			);
			path = QuotationEthTableViewCell;
			sourceTree = "<group>";
		};
		5BABFCE52AD9A613002718C0 /* Screen */ = {
			isa = PBXGroup;
			children = (
				5BABFCE62AD9A64C002718C0 /* QuotationEthTableViewCellScreen.swift */,
			);
			path = Screen;
			sourceTree = "<group>";
		};
		5BD63B762AD1B760009D9B75 /* NftTableViewCell */ = {
			isa = PBXGroup;
			children = (
				5BD63B772AD1B79F009D9B75 /* Screen */,
				5BD63B782AD1B7D8009D9B75 /* NftTableViewCell.swift */,
			);
			path = NftTableViewCell;
			sourceTree = "<group>";
		};
		5BD63B772AD1B79F009D9B75 /* Screen */ = {
			isa = PBXGroup;
			children = (
				5BD63B7A2AD1B808009D9B75 /* NftTableViewCellScreen.swift */,
			);
			path = Screen;
			sourceTree = "<group>";
		};
		C2E1DAB722C3EF6D79EFAEDB /* Frameworks */ = {
			isa = PBXGroup;
			children = (
				D103809B2D85120B50DDC566 /* Pods_AppBackFront.framework */,
			);
			name = Frameworks;
			sourceTree = "<group>";
		};
/* End PBXGroup section */

/* Begin PBXNativeTarget section */
		343B9D9828D3A07C00956373 /* AppBackFront */ = {
			isa = PBXNativeTarget;
			buildConfigurationList = 343B9DAD28D3A07E00956373 /* Build configuration list for PBXNativeTarget "AppBackFront" */;
			buildPhases = (
				80F77E5B2884E6D527AD1618 /* [CP] Check Pods Manifest.lock */,
				343B9D9528D3A07C00956373 /* Sources */,
				343B9D9628D3A07C00956373 /* Frameworks */,
				343B9D9728D3A07C00956373 /* Resources */,
				3906C94C7C8A152FE44FA2D9 /* [CP] Embed Pods Frameworks */,
			);
			buildRules = (
			);
			dependencies = (
			);
			name = AppBackFront;
			packageProductDependencies = (
				5B50D9852ACF070600D6BDE1 /* FirebaseAnalytics */,
				5B50D9872ACF070600D6BDE1 /* FirebaseAnalyticsOnDeviceConversion */,
				5B50D9892ACF070600D6BDE1 /* FirebaseAnalyticsSwift */,
				5B50D98B2ACF070600D6BDE1 /* FirebaseAnalyticsWithoutAdIdSupport */,
				5B50D98D2ACF070600D6BDE1 /* FirebaseAppCheck */,
				5B50D98F2ACF070600D6BDE1 /* FirebaseAppDistribution-Beta */,
				5B50D9912ACF070600D6BDE1 /* FirebaseAuth */,
				5B50D9932ACF070600D6BDE1 /* FirebaseAuthCombine-Community */,
				5B50D9952ACF070600D6BDE1 /* FirebaseCrashlytics */,
				5B50D9972ACF070600D6BDE1 /* FirebaseDatabase */,
				5B50D9992ACF070600D6BDE1 /* FirebaseDatabaseSwift */,
				5B50D99B2ACF070600D6BDE1 /* FirebaseDynamicLinks */,
				5B50D99D2ACF070600D6BDE1 /* FirebaseFirestore */,
				5B50D99F2ACF070600D6BDE1 /* FirebaseFirestoreCombine-Community */,
				5B50D9A12ACF070600D6BDE1 /* FirebaseFirestoreSwift */,
				5B50D9A32ACF070600D6BDE1 /* FirebaseFunctions */,
				5B50D9A52ACF070600D6BDE1 /* FirebaseFunctionsCombine-Community */,
				5B50D9A72ACF070600D6BDE1 /* FirebaseInAppMessaging-Beta */,
				5B50D9A92ACF070600D6BDE1 /* FirebaseInAppMessagingSwift-Beta */,
				5B50D9AB2ACF070600D6BDE1 /* FirebaseInstallations */,
				5B50D9AD2ACF070600D6BDE1 /* FirebaseMLModelDownloader */,
				5B50D9AF2ACF070600D6BDE1 /* FirebaseMessaging */,
				5B50D9B12ACF070600D6BDE1 /* FirebasePerformance */,
				5B50D9B32ACF070600D6BDE1 /* FirebaseRemoteConfig */,
				5B50D9B52ACF070600D6BDE1 /* FirebaseRemoteConfigSwift */,
				5B50D9B72ACF070600D6BDE1 /* FirebaseStorage */,
				5B50D9B92ACF070600D6BDE1 /* FirebaseStorageCombine-Community */,
			);
			productName = AppBackFront;
			productReference = 343B9D9928D3A07C00956373 /* AppBackFront.app */;
			productType = "com.apple.product-type.application";
		};
/* End PBXNativeTarget section */

/* Begin PBXProject section */
		343B9D9128D3A07C00956373 /* Project object */ = {
			isa = PBXProject;
			attributes = {
				BuildIndependentTargetsInParallel = 1;
				LastSwiftUpdateCheck = 1400;
				LastUpgradeCheck = 1500;
				TargetAttributes = {
					343B9D9828D3A07C00956373 = {
						CreatedOnToolsVersion = 14.0;
					};
				};
			};
			buildConfigurationList = 343B9D9428D3A07C00956373 /* Build configuration list for PBXProject "AppBackFront" */;
			compatibilityVersion = "Xcode 14.0";
			developmentRegion = en;
			hasScannedForEncodings = 0;
			knownRegions = (
				en,
				Base,
			);
			mainGroup = 343B9D9028D3A07C00956373;
			packageReferences = (
				5B50D9842ACF070600D6BDE1 /* XCRemoteSwiftPackageReference "firebase-ios-sdk" */,
			);
			productRefGroup = 343B9D9A28D3A07C00956373 /* Products */;
			projectDirPath = "";
			projectRoot = "";
			targets = (
				343B9D9828D3A07C00956373 /* AppBackFront */,
			);
		};
/* End PBXProject section */

/* Begin PBXResourcesBuildPhase section */
		343B9D9728D3A07C00956373 /* Resources */ = {
			isa = PBXResourcesBuildPhase;
			buildActionMask = 2147483647;
			files = (
				5B3765252AD0979B00619C8E /* HomeData.json in Resources */,
				5B3765272AD097B300619C8E /* WalletData.json in Resources */,
				343B9DA928D3A07E00956373 /* LaunchScreen.storyboard in Resources */,
				343B9DA628D3A07E00956373 /* Assets.xcassets in Resources */,
				5B50D9832ACF04D400D6BDE1 /* GoogleService-Info.plist in Resources */,
			);
			runOnlyForDeploymentPostprocessing = 0;
		};
/* End PBXResourcesBuildPhase section */

/* Begin PBXShellScriptBuildPhase section */
		3906C94C7C8A152FE44FA2D9 /* [CP] Embed Pods Frameworks */ = {
			isa = PBXShellScriptBuildPhase;
			buildActionMask = 2147483647;
			files = (
			);
			inputFileListPaths = (
				"${PODS_ROOT}/Target Support Files/Pods-AppBackFront/Pods-AppBackFront-frameworks-${CONFIGURATION}-input-files.xcfilelist",
			);
			name = "[CP] Embed Pods Frameworks";
			outputFileListPaths = (
				"${PODS_ROOT}/Target Support Files/Pods-AppBackFront/Pods-AppBackFront-frameworks-${CONFIGURATION}-output-files.xcfilelist",
			);
			runOnlyForDeploymentPostprocessing = 0;
			shellPath = /bin/sh;
			shellScript = "\"${PODS_ROOT}/Target Support Files/Pods-AppBackFront/Pods-AppBackFront-frameworks.sh\"\n";
			showEnvVarsInLog = 0;
		};
		80F77E5B2884E6D527AD1618 /* [CP] Check Pods Manifest.lock */ = {
			isa = PBXShellScriptBuildPhase;
			buildActionMask = 2147483647;
			files = (
			);
			inputFileListPaths = (
			);
			inputPaths = (
				"${PODS_PODFILE_DIR_PATH}/Podfile.lock",
				"${PODS_ROOT}/Manifest.lock",
			);
			name = "[CP] Check Pods Manifest.lock";
			outputFileListPaths = (
			);
			outputPaths = (
				"$(DERIVED_FILE_DIR)/Pods-AppBackFront-checkManifestLockResult.txt",
			);
			runOnlyForDeploymentPostprocessing = 0;
			shellPath = /bin/sh;
			shellScript = "diff \"${PODS_PODFILE_DIR_PATH}/Podfile.lock\" \"${PODS_ROOT}/Manifest.lock\" > /dev/null\nif [ $? != 0 ] ; then\n    # print error to STDERR\n    echo \"error: The sandbox is not in sync with the Podfile.lock. Run 'pod install' or update your CocoaPods installation.\" >&2\n    exit 1\nfi\n# This output is used by Xcode 'outputs' to avoid re-running this script phase.\necho \"SUCCESS\" > \"${SCRIPT_OUTPUT_FILE_0}\"\n";
			showEnvVarsInLog = 0;
		};
/* End PBXShellScriptBuildPhase section */

/* Begin PBXSourcesBuildPhase section */
		343B9D9528D3A07C00956373 /* Sources */ = {
			isa = PBXSourcesBuildPhase;
			buildActionMask = 2147483647;
			files = (
				5BA5CC762AD6EB5900978114 /* LastestDealTableViewCellScreen.swift in Sources */,
				5BA917D72AD71B99005CC413 /* ListOffersTableViewCellScreen.swift in Sources */,
				343B9DA128D3A07C00956373 /* LoginVC.swift in Sources */,
				5B37651C2AD08F3D00619C8E /* HomeViewModel.swift in Sources */,
				5BABFCE92AD9A660002718C0 /* QuotationEthTableViewCell.swift in Sources */,
				343B9DB128D3A48A00956373 /* LoginScreen.swift in Sources */,
				343B9D9D28D3A07C00956373 /* AppDelegate.swift in Sources */,
				5B50D9CA2ACF45F000D6BDE1 /* HomeVC.swift in Sources */,
				5B50D9BE2ACF087300D6BDE1 /* UIViewController+Extension.swift in Sources */,
				5BA917D92AD71BB8005CC413 /* ListOffersTableViewCell.swift in Sources */,
				5B37652E2AD0B14300619C8E /* NftFilterCollectionViewCell.swift in Sources */,
				5B3765222AD090BA00619C8E /* GenericService.swift in Sources */,
				5B0785AB2AD5E4EE001E5466 /* NftDescriptionTableViewCellScreen.swift in Sources */,
				5B3765202AD08FD800619C8E /* HomeService.swift in Sources */,
				5BABFCDB2AD98F6B002718C0 /* WalletScreen.swift in Sources */,
				5B0785982AD58B44001E5466 /* NftDetailScreen.swift in Sources */,
				5B50D9C32ACF3F0900D6BDE1 /* AlertController.swift in Sources */,
				5BABFCE32AD99A54002718C0 /* WalletData.swift in Sources */,
				5B0785A42AD59853001E5466 /* NftImageTableViewCellScreen.swift in Sources */,
				5B37652A2AD0991A00619C8E /* NFTData.swift in Sources */,
				5B3765312AD0B1B800619C8E /* NftFilterCollectionViewScreen.swift in Sources */,
				5B50D9CD2ACF461400D6BDE1 /* HomeScreen.swift in Sources */,
				5B07859E2AD58C67001E5466 /* NftDetailViewModel.swift in Sources */,
				5B50D9C02ACF0EB200D6BDE1 /* String+Extension.swift in Sources */,
				5BA917DB2AD73354005CC413 /* UIView + Extension.swift in Sources */,
				5BABFCD82AD98F42002718C0 /* WalletVC.swift in Sources */,
				5BA5CC792AD6F52C00978114 /* LastestDealTableViewCellViewModel.swift in Sources */,
				5BABFCE12AD992B5002718C0 /* WalletServive.swift in Sources */,
				5B0785A92AD5E4D6001E5466 /* NftDescriptionTableViewCell.swift in Sources */,
				5B50D9C62ACF44F000D6BDE1 /* TabBarVC.swift in Sources */,
				5BABFCE72AD9A64C002718C0 /* QuotationEthTableViewCellScreen.swift in Sources */,
				5B0785A12AD5980B001E5466 /* NftImageTableViewCell.swift in Sources */,
				5BA917E12AD74255005CC413 /* MagnifyingGlassScreen.swift in Sources */,
				5B07859A2AD58B61001E5466 /* NftDetailVC.swift in Sources */,
				5BA917DF2AD7422F005CC413 /* MagnifyingGlassVC.swift in Sources */,
				343B9D9F28D3A07C00956373 /* SceneDelegate.swift in Sources */,
				5BD63B7B2AD1B808009D9B75 /* NftTableViewCellScreen.swift in Sources */,
				5BABFCDE2AD99271002718C0 /* WalletViewModel.swift in Sources */,
				5BA5CC732AD6EB0D00978114 /* LastestDealTableViewCell.swift in Sources */,
				5BD63B792AD1B7D8009D9B75 /* NftTableViewCell.swift in Sources */,
			);
			runOnlyForDeploymentPostprocessing = 0;
		};
/* End PBXSourcesBuildPhase section */

/* Begin PBXVariantGroup section */
		343B9DA728D3A07E00956373 /* LaunchScreen.storyboard */ = {
			isa = PBXVariantGroup;
			children = (
				343B9DA828D3A07E00956373 /* Base */,
			);
			name = LaunchScreen.storyboard;
			sourceTree = "<group>";
		};
/* End PBXVariantGroup section */

/* Begin XCBuildConfiguration section */
		343B9DAB28D3A07E00956373 /* Debug */ = {
			isa = XCBuildConfiguration;
			buildSettings = {
				ALWAYS_SEARCH_USER_PATHS = NO;
				CLANG_ANALYZER_NONNULL = YES;
				CLANG_ANALYZER_NUMBER_OBJECT_CONVERSION = YES_AGGRESSIVE;
				CLANG_CXX_LANGUAGE_STANDARD = "gnu++20";
				CLANG_ENABLE_MODULES = YES;
				CLANG_ENABLE_OBJC_ARC = YES;
				CLANG_ENABLE_OBJC_WEAK = YES;
				CLANG_WARN_BLOCK_CAPTURE_AUTORELEASING = YES;
				CLANG_WARN_BOOL_CONVERSION = YES;
				CLANG_WARN_COMMA = YES;
				CLANG_WARN_CONSTANT_CONVERSION = YES;
				CLANG_WARN_DEPRECATED_OBJC_IMPLEMENTATIONS = YES;
				CLANG_WARN_DIRECT_OBJC_ISA_USAGE = YES_ERROR;
				CLANG_WARN_DOCUMENTATION_COMMENTS = YES;
				CLANG_WARN_EMPTY_BODY = YES;
				CLANG_WARN_ENUM_CONVERSION = YES;
				CLANG_WARN_INFINITE_RECURSION = YES;
				CLANG_WARN_INT_CONVERSION = YES;
				CLANG_WARN_NON_LITERAL_NULL_CONVERSION = YES;
				CLANG_WARN_OBJC_IMPLICIT_RETAIN_SELF = YES;
				CLANG_WARN_OBJC_LITERAL_CONVERSION = YES;
				CLANG_WARN_OBJC_ROOT_CLASS = YES_ERROR;
				CLANG_WARN_QUOTED_INCLUDE_IN_FRAMEWORK_HEADER = YES;
				CLANG_WARN_RANGE_LOOP_ANALYSIS = YES;
				CLANG_WARN_STRICT_PROTOTYPES = YES;
				CLANG_WARN_SUSPICIOUS_MOVE = YES;
				CLANG_WARN_UNGUARDED_AVAILABILITY = YES_AGGRESSIVE;
				CLANG_WARN_UNREACHABLE_CODE = YES;
				CLANG_WARN__DUPLICATE_METHOD_MATCH = YES;
				COPY_PHASE_STRIP = NO;
				DEBUG_INFORMATION_FORMAT = dwarf;
				ENABLE_STRICT_OBJC_MSGSEND = YES;
				ENABLE_TESTABILITY = YES;
				ENABLE_USER_SCRIPT_SANDBOXING = YES;
				GCC_C_LANGUAGE_STANDARD = gnu11;
				GCC_DYNAMIC_NO_PIC = NO;
				GCC_NO_COMMON_BLOCKS = YES;
				GCC_OPTIMIZATION_LEVEL = 0;
				GCC_PREPROCESSOR_DEFINITIONS = (
					"DEBUG=1",
					"$(inherited)",
				);
				GCC_WARN_64_TO_32_BIT_CONVERSION = YES;
				GCC_WARN_ABOUT_RETURN_TYPE = YES_ERROR;
				GCC_WARN_UNDECLARED_SELECTOR = YES;
				GCC_WARN_UNINITIALIZED_AUTOS = YES_AGGRESSIVE;
				GCC_WARN_UNUSED_FUNCTION = YES;
				GCC_WARN_UNUSED_VARIABLE = YES;
				IPHONEOS_DEPLOYMENT_TARGET = 16.0;
				MTL_ENABLE_DEBUG_INFO = INCLUDE_SOURCE;
				MTL_FAST_MATH = YES;
				ONLY_ACTIVE_ARCH = YES;
				SDKROOT = iphoneos;
				SWIFT_ACTIVE_COMPILATION_CONDITIONS = DEBUG;
				SWIFT_OPTIMIZATION_LEVEL = "-Onone";
			};
			name = Debug;
		};
		343B9DAC28D3A07E00956373 /* Release */ = {
			isa = XCBuildConfiguration;
			buildSettings = {
				ALWAYS_SEARCH_USER_PATHS = NO;
				CLANG_ANALYZER_NONNULL = YES;
				CLANG_ANALYZER_NUMBER_OBJECT_CONVERSION = YES_AGGRESSIVE;
				CLANG_CXX_LANGUAGE_STANDARD = "gnu++20";
				CLANG_ENABLE_MODULES = YES;
				CLANG_ENABLE_OBJC_ARC = YES;
				CLANG_ENABLE_OBJC_WEAK = YES;
				CLANG_WARN_BLOCK_CAPTURE_AUTORELEASING = YES;
				CLANG_WARN_BOOL_CONVERSION = YES;
				CLANG_WARN_COMMA = YES;
				CLANG_WARN_CONSTANT_CONVERSION = YES;
				CLANG_WARN_DEPRECATED_OBJC_IMPLEMENTATIONS = YES;
				CLANG_WARN_DIRECT_OBJC_ISA_USAGE = YES_ERROR;
				CLANG_WARN_DOCUMENTATION_COMMENTS = YES;
				CLANG_WARN_EMPTY_BODY = YES;
				CLANG_WARN_ENUM_CONVERSION = YES;
				CLANG_WARN_INFINITE_RECURSION = YES;
				CLANG_WARN_INT_CONVERSION = YES;
				CLANG_WARN_NON_LITERAL_NULL_CONVERSION = YES;
				CLANG_WARN_OBJC_IMPLICIT_RETAIN_SELF = YES;
				CLANG_WARN_OBJC_LITERAL_CONVERSION = YES;
				CLANG_WARN_OBJC_ROOT_CLASS = YES_ERROR;
				CLANG_WARN_QUOTED_INCLUDE_IN_FRAMEWORK_HEADER = YES;
				CLANG_WARN_RANGE_LOOP_ANALYSIS = YES;
				CLANG_WARN_STRICT_PROTOTYPES = YES;
				CLANG_WARN_SUSPICIOUS_MOVE = YES;
				CLANG_WARN_UNGUARDED_AVAILABILITY = YES_AGGRESSIVE;
				CLANG_WARN_UNREACHABLE_CODE = YES;
				CLANG_WARN__DUPLICATE_METHOD_MATCH = YES;
				COPY_PHASE_STRIP = NO;
				DEBUG_INFORMATION_FORMAT = "dwarf-with-dsym";
				ENABLE_NS_ASSERTIONS = NO;
				ENABLE_STRICT_OBJC_MSGSEND = YES;
				ENABLE_USER_SCRIPT_SANDBOXING = YES;
				GCC_C_LANGUAGE_STANDARD = gnu11;
				GCC_NO_COMMON_BLOCKS = YES;
				GCC_WARN_64_TO_32_BIT_CONVERSION = YES;
				GCC_WARN_ABOUT_RETURN_TYPE = YES_ERROR;
				GCC_WARN_UNDECLARED_SELECTOR = YES;
				GCC_WARN_UNINITIALIZED_AUTOS = YES_AGGRESSIVE;
				GCC_WARN_UNUSED_FUNCTION = YES;
				GCC_WARN_UNUSED_VARIABLE = YES;
				IPHONEOS_DEPLOYMENT_TARGET = 16.0;
				MTL_ENABLE_DEBUG_INFO = NO;
				MTL_FAST_MATH = YES;
				SDKROOT = iphoneos;
				SWIFT_COMPILATION_MODE = wholemodule;
				SWIFT_OPTIMIZATION_LEVEL = "-O";
				VALIDATE_PRODUCT = YES;
			};
			name = Release;
		};
		343B9DAE28D3A07E00956373 /* Debug */ = {
			isa = XCBuildConfiguration;
			baseConfigurationReference = 18898C45860F2EE69277E743 /* Pods-AppBackFront.debug.xcconfig */;
			buildSettings = {
				ASSETCATALOG_COMPILER_APPICON_NAME = AppIcon;
				ASSETCATALOG_COMPILER_GLOBAL_ACCENT_COLOR_NAME = AccentColor;
				CODE_SIGN_STYLE = Automatic;
				CURRENT_PROJECT_VERSION = 1;
				DEVELOPMENT_TEAM = ZGX2TTL6DJ;
				ENABLE_USER_SCRIPT_SANDBOXING = NO;
				GENERATE_INFOPLIST_FILE = YES;
				INFOPLIST_FILE = AppBackFront/Info.plist;
				INFOPLIST_KEY_UIApplicationSupportsIndirectInputEvents = YES;
				INFOPLIST_KEY_UILaunchStoryboardName = LaunchScreen;
				INFOPLIST_KEY_UIMainStoryboardFile = "";
				INFOPLIST_KEY_UISupportedInterfaceOrientations_iPad = "UIInterfaceOrientationPortrait UIInterfaceOrientationPortraitUpsideDown UIInterfaceOrientationLandscapeLeft UIInterfaceOrientationLandscapeRight";
				INFOPLIST_KEY_UISupportedInterfaceOrientations_iPhone = "UIInterfaceOrientationPortrait UIInterfaceOrientationLandscapeLeft UIInterfaceOrientationLandscapeRight";
				LD_RUNPATH_SEARCH_PATHS = (
					"$(inherited)",
					"@executable_path/Frameworks",
				);
				MARKETING_VERSION = 1.0;
				PRODUCT_BUNDLE_IDENTIFIER = com.guplex.AppBackFront;
				PRODUCT_NAME = "$(TARGET_NAME)";
				SUPPORTED_PLATFORMS = "iphoneos iphonesimulator";
				SUPPORTS_MACCATALYST = NO;
				SUPPORTS_MAC_DESIGNED_FOR_IPHONE_IPAD = NO;
				SWIFT_EMIT_LOC_STRINGS = YES;
				SWIFT_VERSION = 5.0;
				TARGETED_DEVICE_FAMILY = 1;
			};
			name = Debug;
		};
		343B9DAF28D3A07E00956373 /* Release */ = {
			isa = XCBuildConfiguration;
			baseConfigurationReference = 30AF267A3F1CA728E92BC1DD /* Pods-AppBackFront.release.xcconfig */;
			buildSettings = {
				ASSETCATALOG_COMPILER_APPICON_NAME = AppIcon;
				ASSETCATALOG_COMPILER_GLOBAL_ACCENT_COLOR_NAME = AccentColor;
				CODE_SIGN_STYLE = Automatic;
				CURRENT_PROJECT_VERSION = 1;
				DEVELOPMENT_TEAM = ZGX2TTL6DJ;
				ENABLE_USER_SCRIPT_SANDBOXING = NO;
				GENERATE_INFOPLIST_FILE = YES;
				INFOPLIST_FILE = AppBackFront/Info.plist;
				INFOPLIST_KEY_UIApplicationSupportsIndirectInputEvents = YES;
				INFOPLIST_KEY_UILaunchStoryboardName = LaunchScreen;
				INFOPLIST_KEY_UIMainStoryboardFile = "";
				INFOPLIST_KEY_UISupportedInterfaceOrientations_iPad = "UIInterfaceOrientationPortrait UIInterfaceOrientationPortraitUpsideDown UIInterfaceOrientationLandscapeLeft UIInterfaceOrientationLandscapeRight";
				INFOPLIST_KEY_UISupportedInterfaceOrientations_iPhone = "UIInterfaceOrientationPortrait UIInterfaceOrientationLandscapeLeft UIInterfaceOrientationLandscapeRight";
				LD_RUNPATH_SEARCH_PATHS = (
					"$(inherited)",
					"@executable_path/Frameworks",
				);
				MARKETING_VERSION = 1.0;
				PRODUCT_BUNDLE_IDENTIFIER = com.guplex.AppBackFront;
				PRODUCT_NAME = "$(TARGET_NAME)";
				SUPPORTED_PLATFORMS = "iphoneos iphonesimulator";
				SUPPORTS_MACCATALYST = NO;
				SUPPORTS_MAC_DESIGNED_FOR_IPHONE_IPAD = NO;
				SWIFT_EMIT_LOC_STRINGS = YES;
				SWIFT_VERSION = 5.0;
				TARGETED_DEVICE_FAMILY = 1;
			};
			name = Release;
		};
/* End XCBuildConfiguration section */

/* Begin XCConfigurationList section */
		343B9D9428D3A07C00956373 /* Build configuration list for PBXProject "AppBackFront" */ = {
			isa = XCConfigurationList;
			buildConfigurations = (
				343B9DAB28D3A07E00956373 /* Debug */,
				343B9DAC28D3A07E00956373 /* Release */,
			);
			defaultConfigurationIsVisible = 0;
			defaultConfigurationName = Release;
		};
		343B9DAD28D3A07E00956373 /* Build configuration list for PBXNativeTarget "AppBackFront" */ = {
			isa = XCConfigurationList;
			buildConfigurations = (
				343B9DAE28D3A07E00956373 /* Debug */,
				343B9DAF28D3A07E00956373 /* Release */,
			);
			defaultConfigurationIsVisible = 0;
			defaultConfigurationName = Release;
		};
/* End XCConfigurationList section */

/* Begin XCRemoteSwiftPackageReference section */
		5B50D9842ACF070600D6BDE1 /* XCRemoteSwiftPackageReference "firebase-ios-sdk" */ = {
			isa = XCRemoteSwiftPackageReference;
			repositoryURL = "https://github.com/firebase/firebase-ios-sdk";
			requirement = {
				kind = upToNextMajorVersion;
				minimumVersion = 10.16.0;
			};
		};
/* End XCRemoteSwiftPackageReference section */

/* Begin XCSwiftPackageProductDependency section */
		5B50D9852ACF070600D6BDE1 /* FirebaseAnalytics */ = {
			isa = XCSwiftPackageProductDependency;
			package = 5B50D9842ACF070600D6BDE1 /* XCRemoteSwiftPackageReference "firebase-ios-sdk" */;
			productName = FirebaseAnalytics;
		};
		5B50D9872ACF070600D6BDE1 /* FirebaseAnalyticsOnDeviceConversion */ = {
			isa = XCSwiftPackageProductDependency;
			package = 5B50D9842ACF070600D6BDE1 /* XCRemoteSwiftPackageReference "firebase-ios-sdk" */;
			productName = FirebaseAnalyticsOnDeviceConversion;
		};
		5B50D9892ACF070600D6BDE1 /* FirebaseAnalyticsSwift */ = {
			isa = XCSwiftPackageProductDependency;
			package = 5B50D9842ACF070600D6BDE1 /* XCRemoteSwiftPackageReference "firebase-ios-sdk" */;
			productName = FirebaseAnalyticsSwift;
		};
		5B50D98B2ACF070600D6BDE1 /* FirebaseAnalyticsWithoutAdIdSupport */ = {
			isa = XCSwiftPackageProductDependency;
			package = 5B50D9842ACF070600D6BDE1 /* XCRemoteSwiftPackageReference "firebase-ios-sdk" */;
			productName = FirebaseAnalyticsWithoutAdIdSupport;
		};
		5B50D98D2ACF070600D6BDE1 /* FirebaseAppCheck */ = {
			isa = XCSwiftPackageProductDependency;
			package = 5B50D9842ACF070600D6BDE1 /* XCRemoteSwiftPackageReference "firebase-ios-sdk" */;
			productName = FirebaseAppCheck;
		};
		5B50D98F2ACF070600D6BDE1 /* FirebaseAppDistribution-Beta */ = {
			isa = XCSwiftPackageProductDependency;
			package = 5B50D9842ACF070600D6BDE1 /* XCRemoteSwiftPackageReference "firebase-ios-sdk" */;
			productName = "FirebaseAppDistribution-Beta";
		};
		5B50D9912ACF070600D6BDE1 /* FirebaseAuth */ = {
			isa = XCSwiftPackageProductDependency;
			package = 5B50D9842ACF070600D6BDE1 /* XCRemoteSwiftPackageReference "firebase-ios-sdk" */;
			productName = FirebaseAuth;
		};
		5B50D9932ACF070600D6BDE1 /* FirebaseAuthCombine-Community */ = {
			isa = XCSwiftPackageProductDependency;
			package = 5B50D9842ACF070600D6BDE1 /* XCRemoteSwiftPackageReference "firebase-ios-sdk" */;
			productName = "FirebaseAuthCombine-Community";
		};
		5B50D9952ACF070600D6BDE1 /* FirebaseCrashlytics */ = {
			isa = XCSwiftPackageProductDependency;
			package = 5B50D9842ACF070600D6BDE1 /* XCRemoteSwiftPackageReference "firebase-ios-sdk" */;
			productName = FirebaseCrashlytics;
		};
		5B50D9972ACF070600D6BDE1 /* FirebaseDatabase */ = {
			isa = XCSwiftPackageProductDependency;
			package = 5B50D9842ACF070600D6BDE1 /* XCRemoteSwiftPackageReference "firebase-ios-sdk" */;
			productName = FirebaseDatabase;
		};
		5B50D9992ACF070600D6BDE1 /* FirebaseDatabaseSwift */ = {
			isa = XCSwiftPackageProductDependency;
			package = 5B50D9842ACF070600D6BDE1 /* XCRemoteSwiftPackageReference "firebase-ios-sdk" */;
			productName = FirebaseDatabaseSwift;
		};
		5B50D99B2ACF070600D6BDE1 /* FirebaseDynamicLinks */ = {
			isa = XCSwiftPackageProductDependency;
			package = 5B50D9842ACF070600D6BDE1 /* XCRemoteSwiftPackageReference "firebase-ios-sdk" */;
			productName = FirebaseDynamicLinks;
		};
		5B50D99D2ACF070600D6BDE1 /* FirebaseFirestore */ = {
			isa = XCSwiftPackageProductDependency;
			package = 5B50D9842ACF070600D6BDE1 /* XCRemoteSwiftPackageReference "firebase-ios-sdk" */;
			productName = FirebaseFirestore;
		};
		5B50D99F2ACF070600D6BDE1 /* FirebaseFirestoreCombine-Community */ = {
			isa = XCSwiftPackageProductDependency;
			package = 5B50D9842ACF070600D6BDE1 /* XCRemoteSwiftPackageReference "firebase-ios-sdk" */;
			productName = "FirebaseFirestoreCombine-Community";
		};
		5B50D9A12ACF070600D6BDE1 /* FirebaseFirestoreSwift */ = {
			isa = XCSwiftPackageProductDependency;
			package = 5B50D9842ACF070600D6BDE1 /* XCRemoteSwiftPackageReference "firebase-ios-sdk" */;
			productName = FirebaseFirestoreSwift;
		};
		5B50D9A32ACF070600D6BDE1 /* FirebaseFunctions */ = {
			isa = XCSwiftPackageProductDependency;
			package = 5B50D9842ACF070600D6BDE1 /* XCRemoteSwiftPackageReference "firebase-ios-sdk" */;
			productName = FirebaseFunctions;
		};
		5B50D9A52ACF070600D6BDE1 /* FirebaseFunctionsCombine-Community */ = {
			isa = XCSwiftPackageProductDependency;
			package = 5B50D9842ACF070600D6BDE1 /* XCRemoteSwiftPackageReference "firebase-ios-sdk" */;
			productName = "FirebaseFunctionsCombine-Community";
		};
		5B50D9A72ACF070600D6BDE1 /* FirebaseInAppMessaging-Beta */ = {
			isa = XCSwiftPackageProductDependency;
			package = 5B50D9842ACF070600D6BDE1 /* XCRemoteSwiftPackageReference "firebase-ios-sdk" */;
			productName = "FirebaseInAppMessaging-Beta";
		};
		5B50D9A92ACF070600D6BDE1 /* FirebaseInAppMessagingSwift-Beta */ = {
			isa = XCSwiftPackageProductDependency;
			package = 5B50D9842ACF070600D6BDE1 /* XCRemoteSwiftPackageReference "firebase-ios-sdk" */;
			productName = "FirebaseInAppMessagingSwift-Beta";
		};
		5B50D9AB2ACF070600D6BDE1 /* FirebaseInstallations */ = {
			isa = XCSwiftPackageProductDependency;
			package = 5B50D9842ACF070600D6BDE1 /* XCRemoteSwiftPackageReference "firebase-ios-sdk" */;
			productName = FirebaseInstallations;
		};
		5B50D9AD2ACF070600D6BDE1 /* FirebaseMLModelDownloader */ = {
			isa = XCSwiftPackageProductDependency;
			package = 5B50D9842ACF070600D6BDE1 /* XCRemoteSwiftPackageReference "firebase-ios-sdk" */;
			productName = FirebaseMLModelDownloader;
		};
		5B50D9AF2ACF070600D6BDE1 /* FirebaseMessaging */ = {
			isa = XCSwiftPackageProductDependency;
			package = 5B50D9842ACF070600D6BDE1 /* XCRemoteSwiftPackageReference "firebase-ios-sdk" */;
			productName = FirebaseMessaging;
		};
		5B50D9B12ACF070600D6BDE1 /* FirebasePerformance */ = {
			isa = XCSwiftPackageProductDependency;
			package = 5B50D9842ACF070600D6BDE1 /* XCRemoteSwiftPackageReference "firebase-ios-sdk" */;
			productName = FirebasePerformance;
		};
		5B50D9B32ACF070600D6BDE1 /* FirebaseRemoteConfig */ = {
			isa = XCSwiftPackageProductDependency;
			package = 5B50D9842ACF070600D6BDE1 /* XCRemoteSwiftPackageReference "firebase-ios-sdk" */;
			productName = FirebaseRemoteConfig;
		};
		5B50D9B52ACF070600D6BDE1 /* FirebaseRemoteConfigSwift */ = {
			isa = XCSwiftPackageProductDependency;
			package = 5B50D9842ACF070600D6BDE1 /* XCRemoteSwiftPackageReference "firebase-ios-sdk" */;
			productName = FirebaseRemoteConfigSwift;
		};
		5B50D9B72ACF070600D6BDE1 /* FirebaseStorage */ = {
			isa = XCSwiftPackageProductDependency;
			package = 5B50D9842ACF070600D6BDE1 /* XCRemoteSwiftPackageReference "firebase-ios-sdk" */;
			productName = FirebaseStorage;
		};
		5B50D9B92ACF070600D6BDE1 /* FirebaseStorageCombine-Community */ = {
			isa = XCSwiftPackageProductDependency;
			package = 5B50D9842ACF070600D6BDE1 /* XCRemoteSwiftPackageReference "firebase-ios-sdk" */;
			productName = "FirebaseStorageCombine-Community";
		};
/* End XCSwiftPackageProductDependency section */
	};
	rootObject = 343B9D9128D3A07C00956373 /* Project object */;
}
